github.com/campoy/embedmd v0.0.0-20171205015432-c59ce00e0296 h1:tRsilif6pbtt+PX6uRoyGd+qR+4ZPucFZLHlc3Ak6z8=
github.com/campoy/embedmd v0.0.0-20171205015432-c59ce00e0296/go.mod h1:/dBk8ICkslPCmyRdn4azP+QvBxL6Eg3EYxUGI9xMMFw=
github.com/golang/lint v0.0.0-20181026193005-c67002cb31c3 h1:I4BOK3PBMjhWfQM2zPJKK7lOBGsrsvOB7kBELP33hiE=
github.com/golang/lint v0.0.0-20181026193005-c67002cb31c3/go.mod h1:tluoj9z5200jBnyusfRPU2LqT6J+DAorxEvtC7LHB+E=
github.com/haya14busa/goverage v0.0.0-20180129164344-eec3514a20b5 h1:FdBGmSkD2QpQzRWup//SGObvWf2nq89zj9+ta9OvI3A=
github.com/haya14busa/goverage v0.0.0-20180129164344-eec3514a20b5/go.mod h1:0YZ2wQSuwviXXXGUiK6zXzskyBLAbLXhamxzcFHSLoM=
github.com/kisielk/gotool v1.0.0 h1:AV2c/EiW3KqPNT9ZKl07ehoAGi4C5/01Cfbblndcapg=
github.com/kisielk/gotool v1.0.0/go.mod h1:XhKaO+MFFWcvkIS/tQcRk01m1F5IRFswLeQ+oQHNcck=
github.com/mcuadros/go-version v0.0.0-20180611085657-6d5863ca60fa h1:XvNrttGMJfVrUqblGju4IkjYXwx6l5OAAyjaIsydzsk=
github.com/mcuadros/go-version v0.0.0-20180611085657-6d5863ca60fa/go.mod h1:76rfSfYPWj01Z85hUf/ituArm797mNKcvINh1OlsZKo=
github.com/pkg/errors v0.8.0 h1:WdK/asTD0HN+q6hsWO3/vpuAkAr+tw6aNJNDFFf0+qw=
github.com/pkg/errors v0.8.0/go.mod h1:bwawxfHBFNV+L2hUp1rHADufV3IMtnDRdf1r5NINEl0=
github.com/pkg/errors v0.8.1/go.mod h1:bwawxfHBFNV+L2hUp1rHADufV3IMtnDRdf1r5NINEl0=
github.com/pmezard/go-difflib v1.0.0 h1:4DBwDE0NGyQoBHbLQYPwSUPoCMWR5BEzIk/f1lZbAQM=
github.com/pmezard/go-difflib v1.0.0/go.mod h1:iKH77koFhYxTK1pcRnkKkqfTogsbg7gZNVY4sRDYZ/4=
github.com/vektah/gorunpkg v0.0.0-20181021090735-2c603e7a186c h1:Wv2D5hv7srGRf8h8jrCa3k53mR6Fd3Pbpq2+8qoKMWc=
github.com/vektah/gorunpkg v0.0.0-20181021090735-2c603e7a186c/go.mod h1:MZ9IjObqALnFhMpmWFj2XIY6l9B02Ah54Q4ZUkq/nx0=
golang.org/x/lint v0.0.0-20181026193005-c67002cb31c3 h1:x/bBzNauLQAlE3fLku/xy92Y8QwKX5HZymrMz2IiKFc=
golang.org/x/lint v0.0.0-20181026193005-c67002cb31c3/go.mod h1:UVdnD1Gm6xHRNCYTkRU2/jEulfH38KcIWyp/GAMgvoE=
golang.org/x/tools v0.0.0-20181102223251-96e9e165b75e h1:mWs/o39kL0UjStxJimqI7o6rKvqDZcAQxqnwG6lmxfc=
golang.org/x/tools v0.0.0-20181102223251-96e9e165b75e/go.mod h1:n7NCudcB/nEzxVGmLbDWY5pfWTLqBcC2KZ6jyYvM4mQ=
honnef.co/go/tools v0.0.0-20180920025451-e3ad64cb4ed3 h1:LyX67rVB0kBUFoROrQfzKwdrYLH1cRzHibxdJW85J1c=
honnef.co/go/tools v0.0.0-20180920025451-e3ad64cb4ed3/go.mod h1:rf3lG4BRIbNafJWhAfAdb/ePZxsR/4RtNHQocxwk9r4=
